
Microsoft Visual Studio Solution File, Format Version 12.00
# Visual Studio 14
VisualStudioVersion = 14.0.25420.1
MinimumVisualStudioVersion = 10.0.40219.1
Project("{FAE04EC0-301F-11D3-BF4B-00C04F79EFBC}") = "AdvertismentPrice", "AdvertismentPrice\AdvertismentPrice.csproj", "{1ACA0242-5396-405F-9D2C-0D47A2ABA02B}"
EndProject
Project("{FAE04EC0-301F-11D3-BF4B-00C04F79EFBC}") = "AdvertismentPrice.Tests", "AdvertismentPrice.Tests\AdvertismentPrice.Tests.csproj", "{09F0F340-C1F9-47EF-B4C2-C545102E66E2}"
EndProject
Global
	GlobalSection(SolutionConfigurationPlatforms) = preSolution
		Debug|Any CPU = Debug|Any CPU
		Release|Any CPU = Release|Any CPU
	EndGlobalSection
	GlobalSection(ProjectConfigurationPlatforms) = postSolution
		{1ACA0242-5396-405F-9D2C-0D47A2ABA02B}.Debug|Any CPU.ActiveCfg = Debug|Any CPU
		{1ACA0242-5396-405F-9D2C-0D47A2ABA02B}.Debug|Any CPU.Build.0 = Debug|Any CPU
		{1ACA0242-5396-405F-9D2C-0D47A2ABA02B}.Release|Any CPU.ActiveCfg = Release|Any CPU
		{1ACA0242-5396-405F-9D2C-0D47A2ABA02B}.Release|Any CPU.Build.0 = Release|Any CPU
		{09F0F340-C1F9-47EF-B4C2-C545102E66E2}.Debug|Any CPU.ActiveCfg = Debug|Any CPU
		{09F0F340-C1F9-47EF-B4C2-C545102E66E2}.Debug|Any CPU.Build.0 = Debug|Any CPU
		{09F0F340-C1F9-47EF-B4C2-C545102E66E2}.Release|Any CPU.ActiveCfg = Release|Any CPU
		{09F0F340-C1F9-47EF-B4C2-C545102E66E2}.Release|Any CPU.Build.0 = Release|Any CPU
	EndGlobalSection
	GlobalSection(SolutionProperties) = preSolution
		HideSolutionNode = FALSE
	EndGlobalSection
EndGlobal
